github.com/aws/aws-sdk-go-v2 v1.41.1 h1:ABlyEARCDLN034NhxlRUSZr4l71mh+T5KAeGh6cerhU=
github.com/aws/aws-sdk-go-v2 v1.41.1/go.mod h1:MayyLB8y+buD9hZqkCW3kX1AKq07Y5pXxtgB+rRFhz0=
github.com/aws/aws-sdk-go-v2/aws/protocol/eventstream v1.7.4 h1:489krEF9xIGkOaaX3CE/Be2uWjiXrkCH6gUX+bZA/BU=
github.com/aws/aws-sdk-go-v2/aws/protocol/eventstream v1.7.4/go.mod h1:IOAPF6oT9KCsceNTvvYMNHy0+kMF8akOjeDvPENWxp4=
github.com/aws/aws-sdk-go-v2/config v1.32.7 h1:vxUyWGUwmkQ2g19n7JY/9YL8MfAIl7bTesIUykECXmY=
github.com/aws/aws-sdk-go-v2/config v1.32.7/go.mod h1:2/Qm5vKUU/r7Y+zUk/Ptt2MDAEKAfUtKc1+3U1Mo3oY=
github.com/aws/aws-sdk-go-v2/credentials v1.19.7 h1:tHK47VqqtJxOymRrNtUXN5SP/zUTvZKeLx4tH6PGQc8=
github.com/aws/aws-sdk-go-v2/credentials v1.19.7/go.mod h1:qOZk8sPDrxhf+4Wf4oT2urYJrYt3RejHSzgAquYeppw=
github.com/aws/aws-sdk-go-v2/feature/ec2/imds v1.18.17 h1:I0GyV8wiYrP8XpA70g1HBcQO1JlQxCMTW9npl5UbDHY=
github.com/aws/aws-sdk-go-v2/feature/ec2/imds v1.18.17/go.mod h1:tyw7BOl5bBe/oqvoIeECFJjMdzXoa/dfVz3QQ5lgHGA=
github.com/aws/aws-sdk-go-v2/internal/configsources v1.4.17 h1:xOLELNKGp2vsiteLsvLPwxC+mYmO6OZ8PYgiuPJzF8U=
github.com/aws/aws-sdk-go-v2/internal/configsources v1.4.17/go.mod h1:5M5CI3D12dNOtH3/mk6minaRwI2/37ifCURZISxA/IQ=
github.com/aws/aws-sdk-go-v2/internal/endpoints/v2 v2.7.17 h1:WWLqlh79iO48yLkj1v3ISRNiv+3KdQoZ6JWyfcsyQik=
github.com/aws/aws-sdk-go-v2/internal/endpoints/v2 v2.7.17/go.mod h1:EhG22vHRrvF8oXSTYStZhJc1aUgKtnJe+aOiFEV90cM=
github.com/aws/aws-sdk-go-v2/internal/ini v1.8.4 h1:WKuaxf++XKWlHWu9ECbMlha8WOEGm0OUEZqm4K/Gcfk=
github.com/aws/aws-sdk-go-v2/internal/ini v1.8.4/go.mod h1:ZWy7j6v1vWGmPReu0iSGvRiise4YI5SkR3OHKTZ6Wuc=
github.com/aws/aws-sdk-go-v2/internal/v4a v1.4.17 h1:JqcdRG//czea7Ppjb+g/n4o8i/R50aTBHkA7vu0lK+k=
github.com/aws/aws-sdk-go-v2/internal/v4a v1.4.17/go.mod h1:CO+WeGmIdj/MlPel2KwID9Gt7CNq4M65HUfBW97liM0=
github.com/aws/aws-sdk-go-v2/service/internal/accept-encoding v1.13.4 h1:0ryTNEdJbzUCEWkVXEXoqlXV72J5keC1GvILMOuD00E=
github.com/aws/aws-sdk-go-v2/service/internal/accept-encoding v1.13.4/go.mod h1:HQ4qwNZh32C3CBeO6iJLQlgtMzqeG17ziAA/3KDJFow=
github.com/aws/aws-sdk-go-v2/service/internal/checksum v1.9.8 h1:Z5EiPIzXKewUQK0QTMkutjiaPVeVYXX7KIqhXu/0fXs=
github.com/aws/aws-sdk-go-v2/service/internal/checksum v1.9.8/go.mod h1:FsTpJtvC4U1fyDXk7c71XoDv3HlRm8V3NiYLeYLh5YE=
github.com/aws/aws-sdk-go-v2/service/internal/presigned-url v1.13.17 h1:RuNSMoozM8oXlgLG/n6WLaFGoea7/CddrCfIiSA+xdY=
github.com/aws/aws-sdk-go-v2/service/internal/presigned-url v1.13.17/go.mod h1:F2xxQ9TZz5gDWsclCtPQscGpP0VUOc8RqgFM3vDENmU=
github.com/aws/aws-sdk-go-v2/service/internal/s3shared v1.19.17 h1:bGeHBsGZx0Dvu/eJC0Lh9adJa3M1xREcndxLNZlve2U=
github.com/aws/aws-sdk-go-v2/service/internal/s3shared v1.19.17/go.mod h1:dcW24lbU0CzHusTE8LLHhRLI42ejmINN8Lcr22bwh/g=
github.com/aws/aws-sdk-go-v2/service/s3 v1.96.0 h1:oeu8VPlOre74lBA/PMhxa5vewaMIMmILM+RraSyB8KA=
github.com/aws/aws-sdk-go-v2/service/s3 v1.96.0/go.mod h1:5jggDlZ2CLQhwJBiZJb4vfk4f0GxWdEDruWKEJ1xOdo=
github.com/aws/aws-sdk-go-v2/service/signin v1.0.5 h1:VrhDvQib/i0lxvr3zqlUwLwJP4fpmpyD9wYG1vfSu+Y=
github.com/aws/aws-sdk-go-v2/service/signin v1.0.5/go.mod h1:k029+U8SY30/3/ras4G/Fnv/b88N4mAfliNn08Dem4M=
github.com/aws/aws-sdk-go-v2/service/sso v1.30.9 h1:v6EiMvhEYBoHABfbGB4alOYmCIrcgyPPiBE1wZAEbqk=
github.com/aws/aws-sdk-go-v2/service/sso v1.30.9/go.mod h1:yifAsgBxgJWn3ggx70A3urX2AN49Y5sJTD1UQFlfqBw=
github.com/aws/aws-sdk-go-v2/service/ssooidc v1.35.13 h1:gd84Omyu9JLriJVCbGApcLzVR3XtmC4ZDPcAI6Ftvds=
github.com/aws/aws-sdk-go-v2/service/ssooidc v1.35.13/go.mod h1:sTGThjphYE4Ohw8vJiRStAcu3rbjtXRsdNB0TvZ5wwo=
github.com/aws/aws-sdk-go-v2/service/sts v1.41.6 h1:5fFjR/ToSOzB2OQ/XqWpZBmNvmP/pJ1jOWYlFDJTjRQ=
github.com/aws/aws-sdk-go-v2/service/sts v1.41.6/go.mod h1:qgFDZQSD/Kys7nJnVqYlWKnh0SSdMjAi0uSwON4wgYQ=
github.com/aws/smithy-go v1.24.0 h1:LpilSUItNPFr1eY85RYgTIg5eIEPtvFbskaFcmmIUnk=
github.com/aws/smithy-go v1.24.0/go.mod h1:LEj2LM3rBRQJxPZTB4KuzZkaZYnZPnvgIhb4pu07mx0=
github.com/boombuler/barcode v1.0.1-0.20190219062509-6c824513bacc h1:biVzkmvwrH8WK8raXaxBx6fRVTlJILwEwQGL1I/ByEI=
github.com/boombuler/barcode v1.0.1-0.20190219062509-6c824513bacc/go.mod h1:paBWMcWSl3LHKBqUq+rly7CNSldXjb2rDl3JlRe0mD8=
github.com/caarlos0/env/v11 v11.3.1 h1:cArPWC15hWmEt+gWk7YBi7lEXTXCvpaSdCiZE2X5mCA=
github.com/caarlos0/env/v11 v11.3.1/go.mod h1:qupehSf/Y0TUTsxKywqRt/vJjN5nz6vauiYEUUr8P4U=
github.com/creack/pty v1.1.9/go.mod h1:oKZEueFk5CKHvIhNR5MUki03XCEU+Q6VDXinZuGJ33E=
github.com/davecgh/go-spew v1.1.0/go.mod h1:J7Y8YcW2NihsgmVo/mv3lAwl/skON4iLHjSsI+c5H38=
github.com/davecgh/go-spew v1.1.1 h1:vj9j/u1bqnvCEfJOwUhtlOARqs3+rkHYY13jYWTU97c=
github.com/davecgh/go-spew v1.1.1/go.mod h1:J7Y8YcW2NihsgmVo/mv3lAwl/skON4iLHjSsI+c5H38=
github.com/go-chi/chi/v5 v5.2.3 h1:WQIt9uxdsAbgIYgid+BpYc+liqQZGMHRaUwp0JUcvdE=
github.com/go-chi/chi/v5 v5.2.3/go.mod h1:L2yAIGWB3H+phAw1NxKwWM+7eUH/lU8pOMm5hHcoops=
github.com/golang-jwt/jwt/v5 v5.2.2 h1:Rl4B7itRWVtYIHFrSNd7vhTiz9UpLdi6gZhZ3wEeDy8=
github.com/golang-jwt/jwt/v5 v5.2.2/go.mod h1:pqrtFR0X4osieyHYxtmOUWsAWrfe1Q5UVIyoH402zdk=
github.com/google/uuid v1.6.0 h1:NIvaJDMOsjHA8n1jAhLSgzrAzy1Hgr+hNrb57e+94F0=
github.com/google/uuid v1.6.0/go.mod h1:TIyPZe4MgqvfeYDBFedMoGGpEw/LqOeaOT+nhxU+yHo=
github.com/gorilla/websocket v1.5.3 h1:saDtZ6Pbx/0u+bgYQ3q96pZgCzfhKXGPqt7kZ72aNNg=
github.com/gorilla/websocket v1.5.3/go.mod h1:YR8l580nyteQvAITg2hZ9XVh4b55+EU/adAjf1fMHhE=
github.com/jackc/pgpassfile v1.0.0 h1:/6Hmqy13Ss2zCq62VdNG8tM1wchn8zjSGOBJ6icpsIM=
github.com/jackc/pgpassfile v1.0.0/go.mod h1:CEx0iS5ambNFdcRtxPj5JhEz+xB6uRky5eyVu/W2HEg=
github.com/jackc/pgservicefile v0.0.0-20240606120523-5a60cdf6a761 h1:iCEnooe7UlwOQYpKFhBabPMi4aNAfoODPEFNiAnClxo=
github.com/jackc/pgservicefile v0.0.0-20240606120523-5a60cdf6a761/go.mod h1:5TJZWKEWniPve33vlWYSoGYefn3gLQRzjfDlhSJ9ZKM=
github.com/jackc/pgx/v5 v5.8.0 h1:TYPDoleBBme0xGSAX3/+NujXXtpZn9HBONkQC7IEZSo=
github.com/jackc/pgx/v5 v5.8.0/go.mod h1:QVeDInX2m9VyzvNeiCJVjCkNFqzsNb43204HshNSZKw=
github.com/jackc/puddle/v2 v2.2.2 h1:PR8nw+E/1w0GLuRFSmiioY6UooMp6KJv0/61nB7icHo=
github.com/jackc/puddle/v2 v2.2.2/go.mod h1:vriiEXHvEE654aYKXXjOvZM39qJ0q+azkZFrfEOc3H4=
github.com/kr/pretty v0.3.0 h1:WgNl7dwNpEZ6jJ9k1snq4pZsg7DOEN8hP9Xw0Tsjwk0=
github.com/kr/pretty v0.3.0/go.mod h1:640gp4NfQd8pI5XOwp5fnNeVWj67G7CFk/SaSQn7NBk=
github.com/kr/text v0.2.0 h1:5Nx0Ya0ZqY2ygV366QzturHI13Jq95ApcVaJBhpS+AY=
github.com/kr/text v0.2.0/go.mod h1:eLer722TekiGuMkidMxC/pM04lWEeraHUUmBw8l2grE=
github.com/openoms-org/openoms/packages/allegro-go-sdk v0.0.0-20260213093925-f69d292073cb h1:W/UEyZwM5CjuQ8i8xzwBUqX9YSfoOICEavvjjfpyoYE=
github.com/openoms-org/openoms/packages/allegro-go-sdk v0.0.0-20260213093925-f69d292073cb/go.mod h1:Bpuh3j3kBnJcvMNnm59CoQnzL5F1dxcm9UbZvPH6dgU=
github.com/openoms-org/openoms/packages/amazon-sp-sdk v0.0.0-20260213093925-f69d292073cb h1:8zqu6OHxcU9uny8QS7AvSqMlL4/YB7QmgzuZG45x+Bs=
github.com/openoms-org/openoms/packages/amazon-sp-sdk v0.0.0-20260213093925-f69d292073cb/go.mod h1:LQ1WIuIP312+F0WLFS7ZYFsbGwP9ACc+Q0wtS0m9VNI=
github.com/openoms-org/openoms/packages/dhl-go-sdk v0.0.0-20260213093925-f69d292073cb h1:AVJ/KPATIZ4fppNqkJkn+jLKL+i15/jE3xfNpAjNnwM=
github.com/openoms-org/openoms/packages/dhl-go-sdk v0.0.0-20260213093925-f69d292073cb/go.mod h1:o8kaXnE91eFheR+Ol1vd1xVRNpaGcb1cDxQX+DA/79U=
github.com/openoms-org/openoms/packages/dpd-go-sdk v0.0.0-20260213093925-f69d292073cb h1:JxlnFGP5bhAsprEaY08jFCVFLCTnYrX+DzaznipGyvc=
github.com/openoms-org/openoms/packages/dpd-go-sdk v0.0.0-20260213093925-f69d292073cb/go.mod h1:imV1rtG4hSW/oYlkmVHfl6wW8gxhhF8aUQGrMYsgBqU=
github.com/openoms-org/openoms/packages/ebay-go-sdk v0.0.0-20260213093925-f69d292073cb h1:8r88lzFc0Lo0LEQTDkUtPML/i46nAbULaDE7cztxneA=
github.com/openoms-org/openoms/packages/ebay-go-sdk v0.0.0-20260213093925-f69d292073cb/go.mod h1:v3QWnJTofqhOwt9XdUGHXw6gInduhrZDjMiN7sE7YgE=
github.com/openoms-org/openoms/packages/erli-go-sdk v0.0.0-20260213093925-f69d292073cb h1:M39cu/Ir6jkCBxQp0hHAOiNhD3/WGsZ+UMLLGUxvK50=
github.com/openoms-org/openoms/packages/erli-go-sdk v0.0.0-20260213093925-f69d292073cb/go.mod h1:uV7RatpCaSjVK33MbaGazUouvuGVuPYMYBJruO0l2KY=
github.com/openoms-org/openoms/packages/fakturownia-go-sdk v0.0.0-20260213093925-f69d292073cb h1:gSJSZ1CYS2KEAjoCcSkxIGzaSNK3WjTVzIR8taEuZeg=
github.com/openoms-org/openoms/packages/fakturownia-go-sdk v0.0.0-20260213093925-f69d292073cb/go.mod h1:fWhhZ9VmAZVcHNRhzfM4QYWv+U7Y7+CJSOqyP6LMUFQ=
github.com/openoms-org/openoms/packages/fedex-go-sdk v0.0.0-20260213093925-f69d292073cb h1:bFRzg7iqptA/RDuYcTr+kqNkY6NhwxKinCVvusD5UQs=
github.com/openoms-org/openoms/packages/fedex-go-sdk v0.0.0-20260213093925-f69d292073cb/go.mod h1:Oj2P9IFDjDGXjXPMDGN/Vj7t6KoUlLfnL8FQMorubTc=
github.com/openoms-org/openoms/packages/gls-go-sdk v0.0.0-20260213093925-f69d292073cb h1:PdsADsFOMgUbyMg1LNqbxuuzV8Tn8rCb6CIHbJ2aREk=
github.com/openoms-org/openoms/packages/gls-go-sdk v0.0.0-20260213093925-f69d292073cb/go.mod h1:r8FINWKw3/8y+A8Q35qUzdjqXogqJJwbCc3/BoazWcs=
github.com/openoms-org/openoms/packages/inpost-go-sdk v0.0.0-20260213093925-f69d292073cb h1:oajccpWANpFELHpOvqU9M9rDvlzJrrFaJjR1H/S48Js=
github.com/openoms-org/openoms/packages/inpost-go-sdk v0.0.0-20260213093925-f69d292073cb/go.mod h1:0uqGBbC5l3DcSfbayTzWTSIrPLyHLX7VzI/fef/0GFo=
github.com/openoms-org/openoms/packages/iof-parser v0.0.0-20260213093925-f69d292073cb h1:diXehnfNQQiq1Eq6jqk7IVKKfB7BoyAZ3CKxdFJrt+c=
github.com/openoms-org/openoms/packages/iof-parser v0.0.0-20260213093925-f69d292073cb/go.mod h1:0I97qQnbKmMN2HjF5OBsGKyPGja94W7mRpj5rVhE6UA=
github.com/openoms-org/openoms/packages/kaufland-go-sdk v0.0.0-20260213093925-f69d292073cb h1:JLrR8ZLVe3ZDKDZcJ7LGQJ4DUMTLSEGa6Z3R+mkVr4o=
github.com/openoms-org/openoms/packages/kaufland-go-sdk v0.0.0-20260213093925-f69d292073cb/go.mod h1:aB8h+w1fiDDq5YEUVjtz802/gb9RSj6TS8/STnaVKHY=
github.com/openoms-org/openoms/packages/ksef-go-sdk v0.0.0-20260213093925-f69d292073cb h1:ZqPUdD+fvjB/g1lkivBbc1/aU/70SRq39jw05IM5oYA=
github.com/openoms-org/openoms/packages/ksef-go-sdk v0.0.0-20260213093925-f69d292073cb/go.mod h1:r5rQyWu0Jj3PVDmtI2SER3WWnxyIQ3xRdt9rkQquCG8=
github.com/openoms-org/openoms/packages/mirakl-go-sdk v0.0.0-20260213093925-f69d292073cb h1:jqrdTwtcvU27nwsduLac16NIZRb9ILkT58owyrds5Vc=
github.com/openoms-org/openoms/packages/mirakl-go-sdk v0.0.0-20260213093925-f69d292073cb/go.mod h1:TcMXZV7ZXGRcz9bGk6y9t/YSf/Pb2d9Dk1wLpqajC/o=
github.com/openoms-org/openoms/packages/olx-go-sdk v0.0.0-20260213093925-f69d292073cb h1:FC6wNeUg5/hnKifVBe5ybrhiNZdts3OdKjGdxbseGB8=
github.com/openoms-org/openoms/packages/olx-go-sdk v0.0.0-20260213093925-f69d292073cb/go.mod h1:w+R0DWHbQk8qQBOFmIocZiChSplEig9suAuWWjI9ACY=
github.com/openoms-org/openoms/packages/order-engine v0.0.0-20260213093925-f69d292073cb h1:eRJQKxZyz3bWWAz6SnKK4wtTYV6XXnn31mCUx5iW0g8=
github.com/openoms-org/openoms/packages/order-engine v0.0.0-20260213093925-f69d292073cb/go.mod h1:4mGFuiRZgILQ69wyDNPW97UFdJ2x3GBTe5nkXo7mhoY=
github.com/openoms-org/openoms/packages/orlen-paczka-go-sdk v0.0.0-20260213093925-f69d292073cb h1:0bMC6GuoRSXSciHq4/cfWHMdc5hhO6R+Pi6NUa7iPwM=
github.com/openoms-org/openoms/packages/orlen-paczka-go-sdk v0.0.0-20260213093925-f69d292073cb/go.mod h1:GXvM0fVllJpijVQDyHlsI+zhMMj0krJG4UXcF5MBIDw=
github.com/openoms-org/openoms/packages/poczta-polska-go-sdk v0.0.0-20260213093925-f69d292073cb h1:d6Iv4wkPWxDG0aYb5AhbjscMcLvdwFgXvp4nfqSVmmo=
github.com/openoms-org/openoms/packages/poczta-polska-go-sdk v0.0.0-20260213093925-f69d292073cb/go.mod h1:UvB/Q6M9dDpuo6NBxJrbbAUL1CyMDE5X/rb4xG2076c=
github.com/openoms-org/openoms/packages/smsapi-go-sdk v0.0.0-20260213093925-f69d292073cb h1:KMU9RVNQdKxZHqDxwmPA1YSvqo0U5jNz9M2jTNUBXKE=
github.com/openoms-org/openoms/packages/smsapi-go-sdk v0.0.0-20260213093925-f69d292073cb/go.mod h1:GxzpzaUaPFEEhOf+ioxofEUkrwlbvr+yIliw3lae0ww=
github.com/openoms-org/openoms/packages/ups-go-sdk v0.0.0-20260213093925-f69d292073cb h1:cH8FqEI4cse5zhKZleCJptsak11DB30d/mqJ3T+TSqo=
github.com/openoms-org/openoms/packages/ups-go-sdk v0.0.0-20260213093925-f69d292073cb/go.mod h1:GM0ZAom93lyIp5aUQyPVg/+hpNaNG1mPEvjvPInUKgw=
github.com/openoms-org/openoms/packages/woocommerce-go-sdk v0.0.0-20260213093925-f69d292073cb h1:KeHJQft/hSwcuRZz0yFJyhQLswjbbkE4ZUCF854OuIg=
github.com/openoms-org/openoms/packages/woocommerce-go-sdk v0.0.0-20260213093925-f69d292073cb/go.mod h1:0/fI0pOpDaBQgGFOISryHbcXKe37r0sc5Yj28c7tgCI=
github.com/pmezard/go-difflib v1.0.0 h1:4DBwDE0NGyQoBHbLQYPwSUPoCMWR5BEzIk/f1lZbAQM=
github.com/pmezard/go-difflib v1.0.0/go.mod h1:iKH77koFhYxTK1pcRnkKkqfTogsbg7gZNVY4sRDYZ/4=
github.com/pquerna/otp v1.5.0 h1:NMMR+WrmaqXU4EzdGJEE1aUUI0AMRzsp96fFFWNPwxs=
github.com/pquerna/otp v1.5.0/go.mod h1:dkJfzwRKNiegxyNb54X/3fLwhCynbMspSyWKnvi1AEg=
github.com/rogpeppe/go-internal v1.14.1 h1:UQB4HGPB6osV0SQTLymcB4TgvyWu6ZyliaW0tI/otEQ=
github.com/rogpeppe/go-internal v1.14.1/go.mod h1:MaRKkUm5W0goXpeCfT7UZI6fk/L7L7so1lCWt35ZSgc=
github.com/stretchr/objx v0.1.0/go.mod h1:HFkY916IF+rwdDfMAkV7OtwuqBVzrE8GR6GFx+wExME=
github.com/stretchr/testify v1.3.0/go.mod h1:M5WIy9Dh21IEIfnGCwXGc5bZfKNJtfHm1UVUgZn+9EI=
github.com/stretchr/testify v1.7.0/go.mod h1:6Fq8oRcR53rry900zMqJjRRixrwX3KX962/h/Wwjteg=
github.com/stretchr/testify v1.11.1 h1:7s2iGBzp5EwR7/aIZr8ao5+dra3wiQyKjjFuvgVKu7U=
github.com/stretchr/testify v1.11.1/go.mod h1:wZwfW3scLgRK+23gO65QZefKpKQRnfz6sD981Nm4B6U=
golang.org/x/crypto v0.47.0 h1:V6e3FRj+n4dbpw86FJ8Fv7XVOql7TEwpHapKoMJ/GO8=
golang.org/x/crypto v0.47.0/go.mod h1:ff3Y9VzzKbwSSEzWqJsJVBnWmRwRSHt/6Op5n9bQc4A=
golang.org/x/sync v0.19.0 h1:vV+1eWNmZ5geRlYjzm2adRgW2/mcpevXNg50YZtPCE4=
golang.org/x/sync v0.19.0/go.mod h1:9KTHXmSnoGruLpwFjVSX0lNNA75CykiMECbovNTZqGI=
golang.org/x/text v0.33.0 h1:B3njUFyqtHDUI5jMn1YIr5B0IE2U0qck04r6d4KPAxE=
golang.org/x/text v0.33.0/go.mod h1:LuMebE6+rBincTi9+xWTY8TztLzKHc/9C1uBCG27+q8=
gopkg.in/check.v1 v0.0.0-20161208181325-20d25e280405/go.mod h1:Co6ibVJAznAaIkqp8huTwlJQCZ016jof/cbN4VW5Yz0=
gopkg.in/check.v1 v1.0.0-20201130134442-10cb98267c6c h1:Hei/4ADfdWqJk1ZMxUNpqntNwaWcugrBjAiHlqqRiVk=
gopkg.in/check.v1 v1.0.0-20201130134442-10cb98267c6c/go.mod h1:JHkPIbrfpd72SG/EVd6muEfDQjcINNoR0C8j2r3qZ4Q=
gopkg.in/yaml.v3 v3.0.0-20200313102051-9f266ea9e77c/go.mod h1:K4uyk7z7BCEPqu6E+C64Yfv1cQ7kz7rIZviUmN+EgEM=
gopkg.in/yaml.v3 v3.0.1 h1:fxVm/GzAzEWqLHuvctI91KS9hhNmmWOoWu0XTYJS7CA=
gopkg.in/yaml.v3 v3.0.1/go.mod h1:K4uyk7z7BCEPqu6E+C64Yfv1cQ7kz7rIZviUmN+EgEM=
