github.com/aws/aws-sdk-go-v2 v1.41.7 h1:DWpAJt66FmnnaRIOT/8ASTucrvuDPZASqhhLey6tLY8=
github.com/aws/aws-sdk-go-v2 v1.41.7/go.mod h1:4LAfZOPHNVNQEckOACQx60Y8pSRjIkNZQz1w92xpMJc=
github.com/aws/aws-sdk-go-v2/aws/protocol/eventstream v1.7.10 h1:gx1AwW1Iyk9Z9dD9F4akX5gnN3QZwUB20GGKH/I+Rho=
github.com/aws/aws-sdk-go-v2/aws/protocol/eventstream v1.7.10/go.mod h1:qqY157uZoqm5OXq/amuaBJyC9hgBCBQnsaWnPe905GY=
github.com/aws/aws-sdk-go-v2/config v1.32.16 h1:Q0iQ7quUgJP0F/SCRTieScnaMdXr9h/2+wze1u3cNeM=
github.com/aws/aws-sdk-go-v2/config v1.32.16/go.mod h1:duCCnJEFqpt2RC6no1iK6q+8HpwOAkiUua0pY507dQc=
github.com/aws/aws-sdk-go-v2/credentials v1.19.15 h1:fyvgWTszojq8hEnMi8PPBTvZdTtEVmAVyo+NFLHBhH4=
github.com/aws/aws-sdk-go-v2/credentials v1.19.15/go.mod h1:gJiYyMOjNg8OEdRWOf3CrFQxM2a98qmrtjx1zuiQfB8=
github.com/aws/aws-sdk-go-v2/feature/ec2/imds v1.18.22 h1:IOGsJ1xVWhsi+ZO7/NW8OuZZBtMJLZbk4P5HDjJO0jQ=
github.com/aws/aws-sdk-go-v2/feature/ec2/imds v1.18.22/go.mod h1:b+hYdbU+jGKfXE8kKM6g1+h+L/Go3vMvzlxBsiuGsxg=
github.com/aws/aws-sdk-go-v2/internal/configsources v1.4.23 h1:GpT/TrnBYuE5gan2cZbTtvP+JlHsutdmlV2YfEyNde0=
github.com/aws/aws-sdk-go-v2/internal/configsources v1.4.23/go.mod h1:xYWD6BS9ywC5bS3sz9Xh04whO/hzK2plt2Zkyrp4JuA=
github.com/aws/aws-sdk-go-v2/internal/endpoints/v2 v2.7.23 h1:bpd8vxhlQi2r1hiueOw02f/duEPTMK59Q4QMAoTTtTo=
github.com/aws/aws-sdk-go-v2/internal/endpoints/v2 v2.7.23/go.mod h1:15DfR2nw+CRHIk0tqNyifu3G1YdAOy68RftkhMDDwYk=
github.com/aws/aws-sdk-go-v2/internal/v4a v1.4.24 h1:OQqn11BtaYv1WLUowvcA30MpzIu8Ti4pcLPIIyoKZrA=
github.com/aws/aws-sdk-go-v2/internal/v4a v1.4.24/go.mod h1:X5ZJyfwVrWA96GzPmUCWFQaEARPR7gCrpq2E92PJwAE=
github.com/aws/aws-sdk-go-v2/service/internal/accept-encoding v1.13.9 h1:FLudkZLt5ci0ozzgkVo8BJGwvqNaZbTWb3UcucAateA=
github.com/aws/aws-sdk-go-v2/service/internal/accept-encoding v1.13.9/go.mod h1:w7wZ/s9qK7c8g4al+UyoF1Sp/Z45UwMGcqIzLWVQHWk=
github.com/aws/aws-sdk-go-v2/service/internal/checksum v1.9.15 h1:ieLCO1JxUWuxTZ1cRd0GAaeX7O6cIxnwk7tc1LsQhC4=
github.com/aws/aws-sdk-go-v2/service/internal/checksum v1.9.15/go.mod h1:e3IzZvQ3kAWNykvE0Tr0RDZCMFInMvhku3qNpcIQXhM=
github.com/aws/aws-sdk-go-v2/service/internal/presigned-url v1.13.23 h1:pbrxO/kuIwgEsOPLkaHu0O+m4fNgLU8B3vxQ+72jTPw=
github.com/aws/aws-sdk-go-v2/service/internal/presigned-url v1.13.23/go.mod h1:/CMNUqoj46HpS3MNRDEDIwcgEnrtZlKRaHNaHxIFpNA=
github.com/aws/aws-sdk-go-v2/service/internal/s3shared v1.19.23 h1:03xatSQO4+AM1lTAbnRg5OK528EUg744nW7F73U8DKw=
github.com/aws/aws-sdk-go-v2/service/internal/s3shared v1.19.23/go.mod h1:M8l3mwgx5ToK7wot2sBBce/ojzgnPzZXUV445gTSyE8=
github.com/aws/aws-sdk-go-v2/service/s3 v1.100.1 h1:mxuT1xE+dI54NW3RkNjP8DUT5HXqbkiAFvfdyDFwE5c=
github.com/aws/aws-sdk-go-v2/service/s3 v1.100.1/go.mod h1:L2dcoOgS2VSgbPLvpak2NyUPsO1TBN7M45Z4H7DlRc4=
github.com/aws/aws-sdk-go-v2/service/signin v1.0.10 h1:a1Fq/KXn75wSzoJaPQTgZO0wHGqE9mjFnylnqEPTchA=
github.com/aws/aws-sdk-go-v2/service/signin v1.0.10/go.mod h1:p6+MXNxW7IA6dMgHfTAzljuwSKD0NCm/4lbS4t6+7vI=
github.com/aws/aws-sdk-go-v2/service/sso v1.30.16 h1:x6bKbmDhsgSZwv6q19wY/u3rLk/3FGjJWyqKcIRufpE=
github.com/aws/aws-sdk-go-v2/service/sso v1.30.16/go.mod h1:CudnEVKRtLn0+3uMV0yEXZ+YZOKnAtUJ5DmDhilVnIw=
github.com/aws/aws-sdk-go-v2/service/ssooidc v1.35.20 h1:oK/njaL8GtyEihkWMD4k3VgHCT64RQKkZwh0DG5j8ak=
github.com/aws/aws-sdk-go-v2/service/ssooidc v1.35.20/go.mod h1:JHs8/y1f3zY7U5WcuzoJ/yAYGYtNIVPKLIbp61euvmg=
github.com/aws/aws-sdk-go-v2/service/sts v1.42.0 h1:ks8KBcZPh3PYISr5dAiXCM5/Thcuxk8l+PG4+A0exds=
github.com/aws/aws-sdk-go-v2/service/sts v1.42.0/go.mod h1:pFw33T0WLvXU3rw1WBkpMlkgIn54eCB5FYLhjDc9Foo=
github.com/aws/smithy-go v1.25.1 h1:J8ERsGSU7d+aCmdQur5Txg6bVoYelvQJgtZehD12GkI=
github.com/aws/smithy-go v1.25.1/go.mod h1:YE2RhdIuDbA5E5bTdciG9KrW3+TiEONeUWCqxX9i1Fc=
github.com/aymerick/douceur v0.2.0 h1:Mv+mAeH1Q+n9Fr+oyamOlAkUNPWPlA8PPGR0QAaYuPk=
github.com/aymerick/douceur v0.2.0/go.mod h1:wlT5vV2O3h55X9m7iVYN0TBM0NH/MmbLnd30/FjWUq4=
github.com/boombuler/barcode v1.0.1-0.20190219062509-6c824513bacc h1:biVzkmvwrH8WK8raXaxBx6fRVTlJILwEwQGL1I/ByEI=
github.com/boombuler/barcode v1.0.1-0.20190219062509-6c824513bacc/go.mod h1:paBWMcWSl3LHKBqUq+rly7CNSldXjb2rDl3JlRe0mD8=
github.com/bsm/ginkgo/v2 v2.12.0 h1:Ny8MWAHyOepLGlLKYmXG4IEkioBysk6GpaRTLC8zwWs=
github.com/bsm/ginkgo/v2 v2.12.0/go.mod h1:SwYbGRRDovPVboqFv0tPTcG1sN61LM1Z4ARdbAV9g4c=
github.com/bsm/gomega v1.27.10 h1:yeMWxP2pV2fG3FgAODIY8EiRE3dy0aeFYt4l7wh6yKA=
github.com/bsm/gomega v1.27.10/go.mod h1:JyEr/xRbxbtgWNi8tIEVPUYZ5Dzef52k01W3YH0H+O0=
github.com/caarlos0/env/v11 v11.4.0 h1:Kcb6t5kIIr4XkoQC9AF2j+8E1Jsrl3Wz/hhm1LtoGAc=
github.com/caarlos0/env/v11 v11.4.0/go.mod h1:qupehSf/Y0TUTsxKywqRt/vJjN5nz6vauiYEUUr8P4U=
github.com/cespare/xxhash/v2 v2.3.0 h1:UL815xU9SqsFlibzuggzjXhog7bL6oX9BbNZnL2UFvs=
github.com/cespare/xxhash/v2 v2.3.0/go.mod h1:VGX0DQ3Q6kWi7AoAeZDth3/j3BFtOZR5XLFGgcrjCOs=
github.com/creack/pty v1.1.9/go.mod h1:oKZEueFk5CKHvIhNR5MUki03XCEU+Q6VDXinZuGJ33E=
github.com/davecgh/go-spew v1.1.0/go.mod h1:J7Y8YcW2NihsgmVo/mv3lAwl/skON4iLHjSsI+c5H38=
github.com/davecgh/go-spew v1.1.1 h1:vj9j/u1bqnvCEfJOwUhtlOARqs3+rkHYY13jYWTU97c=
github.com/davecgh/go-spew v1.1.1/go.mod h1:J7Y8YcW2NihsgmVo/mv3lAwl/skON4iLHjSsI+c5H38=
github.com/dgryski/go-rendezvous v0.0.0-20200823014737-9f7001d12a5f h1:lO4WD4F/rVNCu3HqELle0jiPLLBs70cWOduZpkS1E78=
github.com/dgryski/go-rendezvous v0.0.0-20200823014737-9f7001d12a5f/go.mod h1:cuUVRXasLTGF7a8hSLbxyZXjz+1KgoB3wDUb6vlszIc=
github.com/getsentry/sentry-go v0.46.0 h1:mbdDaarbUdOt9X+dx6kDdntkShLEX3/+KyOsVDTPDj0=
github.com/getsentry/sentry-go v0.46.0/go.mod h1:evVbw2qotNUdYG8KxXbAdjOQWWvWIwKxpjdZZIvcIPw=
github.com/go-chi/chi/v5 v5.2.5 h1:Eg4myHZBjyvJmAFjFvWgrqDTXFyOzjj7YIm3L3mu6Ug=
github.com/go-chi/chi/v5 v5.2.5/go.mod h1:X7Gx4mteadT3eDOMTsXzmI4/rwUpOwBHLpAfupzFJP0=
github.com/go-errors/errors v1.4.2 h1:J6MZopCL4uSllY1OfXM374weqZFFItUbrImctkmUxIA=
github.com/go-errors/errors v1.4.2/go.mod h1:sIVyrIiJhuEF+Pj9Ebtd6P/rEYROXFi3BopGUQ5a5Og=
github.com/golang-jwt/jwt/v5 v5.2.2 h1:Rl4B7itRWVtYIHFrSNd7vhTiz9UpLdi6gZhZ3wEeDy8=
github.com/golang-jwt/jwt/v5 v5.2.2/go.mod h1:pqrtFR0X4osieyHYxtmOUWsAWrfe1Q5UVIyoH402zdk=
github.com/google/go-cmp v0.5.9 h1:O2Tfq5qg4qc4AmwVlvv0oLiVAGB7enBSJ2x2DqQFi38=
github.com/google/go-cmp v0.5.9/go.mod h1:17dUlkBOakJ0+DkrSSNjCkIjxS6bF9zb3elmeNGIjoY=
github.com/google/uuid v1.6.0 h1:NIvaJDMOsjHA8n1jAhLSgzrAzy1Hgr+hNrb57e+94F0=
github.com/google/uuid v1.6.0/go.mod h1:TIyPZe4MgqvfeYDBFedMoGGpEw/LqOeaOT+nhxU+yHo=
github.com/gorilla/css v1.0.1 h1:ntNaBIghp6JmvWnxbZKANoLyuXTPZ4cAMlo6RyhlbO8=
github.com/gorilla/css v1.0.1/go.mod h1:BvnYkspnSzMmwRK+b8/xgNPLiIuNZr6vbZBTPQ2A3b0=
github.com/gorilla/websocket v1.5.3 h1:saDtZ6Pbx/0u+bgYQ3q96pZgCzfhKXGPqt7kZ72aNNg=
github.com/gorilla/websocket v1.5.3/go.mod h1:YR8l580nyteQvAITg2hZ9XVh4b55+EU/adAjf1fMHhE=
github.com/jackc/pgpassfile v1.0.0 h1:/6Hmqy13Ss2zCq62VdNG8tM1wchn8zjSGOBJ6icpsIM=
github.com/jackc/pgpassfile v1.0.0/go.mod h1:CEx0iS5ambNFdcRtxPj5JhEz+xB6uRky5eyVu/W2HEg=
github.com/jackc/pgservicefile v0.0.0-20240606120523-5a60cdf6a761 h1:iCEnooe7UlwOQYpKFhBabPMi4aNAfoODPEFNiAnClxo=
github.com/jackc/pgservicefile v0.0.0-20240606120523-5a60cdf6a761/go.mod h1:5TJZWKEWniPve33vlWYSoGYefn3gLQRzjfDlhSJ9ZKM=
github.com/jackc/pgx/v5 v5.9.2 h1:3ZhOzMWnR4yJ+RW1XImIPsD1aNSz4T4fyP7zlQb56hw=
github.com/jackc/pgx/v5 v5.9.2/go.mod h1:mal1tBGAFfLHvZzaYh77YS/eC6IX9OWbRV1QIIM0Jn4=
github.com/jackc/puddle/v2 v2.2.2 h1:PR8nw+E/1w0GLuRFSmiioY6UooMp6KJv0/61nB7icHo=
github.com/jackc/puddle/v2 v2.2.2/go.mod h1:vriiEXHvEE654aYKXXjOvZM39qJ0q+azkZFrfEOc3H4=
github.com/klauspost/cpuid/v2 v2.0.9 h1:lgaqFMSdTdQYdZ04uHyN2d/eKdOMyi2YLSvlQIBFYa4=
github.com/klauspost/cpuid/v2 v2.0.9/go.mod h1:FInQzS24/EEf25PyTYn52gqo7WaD8xa0213Md/qVLRg=
github.com/kr/pretty v0.3.0 h1:WgNl7dwNpEZ6jJ9k1snq4pZsg7DOEN8hP9Xw0Tsjwk0=
github.com/kr/pretty v0.3.0/go.mod h1:640gp4NfQd8pI5XOwp5fnNeVWj67G7CFk/SaSQn7NBk=
github.com/kr/text v0.2.0 h1:5Nx0Ya0ZqY2ygV366QzturHI13Jq95ApcVaJBhpS+AY=
github.com/kr/text v0.2.0/go.mod h1:eLer722TekiGuMkidMxC/pM04lWEeraHUUmBw8l2grE=
github.com/microcosm-cc/bluemonday v1.0.27 h1:MpEUotklkwCSLeH+Qdx1VJgNqLlpY2KXwXFM08ygZfk=
github.com/microcosm-cc/bluemonday v1.0.27/go.mod h1:jFi9vgW+H7c3V0lb6nR74Ib/DIB5OBs92Dimizgw2cA=
github.com/openoms-org/openoms/packages/allegro-go-sdk v0.0.0-20260213093925-f69d292073cb h1:W/UEyZwM5CjuQ8i8xzwBUqX9YSfoOICEavvjjfpyoYE=
github.com/openoms-org/openoms/packages/allegro-go-sdk v0.0.0-20260213093925-f69d292073cb/go.mod h1:Bpuh3j3kBnJcvMNnm59CoQnzL5F1dxcm9UbZvPH6dgU=
github.com/openoms-org/openoms/packages/amazon-sp-sdk v0.0.0-20260213093925-f69d292073cb h1:8zqu6OHxcU9uny8QS7AvSqMlL4/YB7QmgzuZG45x+Bs=
github.com/openoms-org/openoms/packages/amazon-sp-sdk v0.0.0-20260213093925-f69d292073cb/go.mod h1:LQ1WIuIP312+F0WLFS7ZYFsbGwP9ACc+Q0wtS0m9VNI=
github.com/openoms-org/openoms/packages/dhl-go-sdk v0.0.0-20260213093925-f69d292073cb h1:AVJ/KPATIZ4fppNqkJkn+jLKL+i15/jE3xfNpAjNnwM=
github.com/openoms-org/openoms/packages/dhl-go-sdk v0.0.0-20260213093925-f69d292073cb/go.mod h1:o8kaXnE91eFheR+Ol1vd1xVRNpaGcb1cDxQX+DA/79U=
github.com/openoms-org/openoms/packages/dpd-go-sdk v0.0.0-20260213093925-f69d292073cb h1:JxlnFGP5bhAsprEaY08jFCVFLCTnYrX+DzaznipGyvc=
github.com/openoms-org/openoms/packages/dpd-go-sdk v0.0.0-20260213093925-f69d292073cb/go.mod h1:imV1rtG4hSW/oYlkmVHfl6wW8gxhhF8aUQGrMYsgBqU=
github.com/openoms-org/openoms/packages/ebay-go-sdk v0.0.0-20260213093925-f69d292073cb h1:8r88lzFc0Lo0LEQTDkUtPML/i46nAbULaDE7cztxneA=
github.com/openoms-org/openoms/packages/ebay-go-sdk v0.0.0-20260213093925-f69d292073cb/go.mod h1:v3QWnJTofqhOwt9XdUGHXw6gInduhrZDjMiN7sE7YgE=
github.com/openoms-org/openoms/packages/erli-go-sdk v0.0.0-20260213093925-f69d292073cb h1:M39cu/Ir6jkCBxQp0hHAOiNhD3/WGsZ+UMLLGUxvK50=
github.com/openoms-org/openoms/packages/erli-go-sdk v0.0.0-20260213093925-f69d292073cb/go.mod h1:uV7RatpCaSjVK33MbaGazUouvuGVuPYMYBJruO0l2KY=
github.com/openoms-org/openoms/packages/fakturownia-go-sdk v0.0.0-20260213093925-f69d292073cb h1:gSJSZ1CYS2KEAjoCcSkxIGzaSNK3WjTVzIR8taEuZeg=
github.com/openoms-org/openoms/packages/fakturownia-go-sdk v0.0.0-20260213093925-f69d292073cb/go.mod h1:fWhhZ9VmAZVcHNRhzfM4QYWv+U7Y7+CJSOqyP6LMUFQ=
github.com/openoms-org/openoms/packages/fedex-go-sdk v0.0.0-20260213093925-f69d292073cb h1:bFRzg7iqptA/RDuYcTr+kqNkY6NhwxKinCVvusD5UQs=
github.com/openoms-org/openoms/packages/fedex-go-sdk v0.0.0-20260213093925-f69d292073cb/go.mod h1:Oj2P9IFDjDGXjXPMDGN/Vj7t6KoUlLfnL8FQMorubTc=
github.com/openoms-org/openoms/packages/gls-go-sdk v0.0.0-20260213093925-f69d292073cb h1:PdsADsFOMgUbyMg1LNqbxuuzV8Tn8rCb6CIHbJ2aREk=
github.com/openoms-org/openoms/packages/gls-go-sdk v0.0.0-20260213093925-f69d292073cb/go.mod h1:r8FINWKw3/8y+A8Q35qUzdjqXogqJJwbCc3/BoazWcs=
github.com/openoms-org/openoms/packages/inpost-go-sdk v0.0.0-20260213093925-f69d292073cb h1:oajccpWANpFELHpOvqU9M9rDvlzJrrFaJjR1H/S48Js=
github.com/openoms-org/openoms/packages/inpost-go-sdk v0.0.0-20260213093925-f69d292073cb/go.mod h1:0uqGBbC5l3DcSfbayTzWTSIrPLyHLX7VzI/fef/0GFo=
github.com/openoms-org/openoms/packages/iof-parser v0.0.0-20260213093925-f69d292073cb h1:diXehnfNQQiq1Eq6jqk7IVKKfB7BoyAZ3CKxdFJrt+c=
github.com/openoms-org/openoms/packages/iof-parser v0.0.0-20260213093925-f69d292073cb/go.mod h1:0I97qQnbKmMN2HjF5OBsGKyPGja94W7mRpj5rVhE6UA=
github.com/openoms-org/openoms/packages/kaufland-go-sdk v0.0.0-20260213093925-f69d292073cb h1:JLrR8ZLVe3ZDKDZcJ7LGQJ4DUMTLSEGa6Z3R+mkVr4o=
github.com/openoms-org/openoms/packages/kaufland-go-sdk v0.0.0-20260213093925-f69d292073cb/go.mod h1:aB8h+w1fiDDq5YEUVjtz802/gb9RSj6TS8/STnaVKHY=
github.com/openoms-org/openoms/packages/ksef-go-sdk v0.0.0-20260213093925-f69d292073cb h1:ZqPUdD+fvjB/g1lkivBbc1/aU/70SRq39jw05IM5oYA=
github.com/openoms-org/openoms/packages/ksef-go-sdk v0.0.0-20260213093925-f69d292073cb/go.mod h1:r5rQyWu0Jj3PVDmtI2SER3WWnxyIQ3xRdt9rkQquCG8=
github.com/openoms-org/openoms/packages/mirakl-go-sdk v0.0.0-20260213093925-f69d292073cb h1:jqrdTwtcvU27nwsduLac16NIZRb9ILkT58owyrds5Vc=
github.com/openoms-org/openoms/packages/mirakl-go-sdk v0.0.0-20260213093925-f69d292073cb/go.mod h1:TcMXZV7ZXGRcz9bGk6y9t/YSf/Pb2d9Dk1wLpqajC/o=
github.com/openoms-org/openoms/packages/olx-go-sdk v0.0.0-20260213093925-f69d292073cb h1:FC6wNeUg5/hnKifVBe5ybrhiNZdts3OdKjGdxbseGB8=
github.com/openoms-org/openoms/packages/olx-go-sdk v0.0.0-20260213093925-f69d292073cb/go.mod h1:w+R0DWHbQk8qQBOFmIocZiChSplEig9suAuWWjI9ACY=
github.com/openoms-org/openoms/packages/order-engine v0.0.0-20260213093925-f69d292073cb h1:eRJQKxZyz3bWWAz6SnKK4wtTYV6XXnn31mCUx5iW0g8=
github.com/openoms-org/openoms/packages/order-engine v0.0.0-20260213093925-f69d292073cb/go.mod h1:4mGFuiRZgILQ69wyDNPW97UFdJ2x3GBTe5nkXo7mhoY=
github.com/openoms-org/openoms/packages/orlen-paczka-go-sdk v0.0.0-20260213093925-f69d292073cb h1:0bMC6GuoRSXSciHq4/cfWHMdc5hhO6R+Pi6NUa7iPwM=
github.com/openoms-org/openoms/packages/orlen-paczka-go-sdk v0.0.0-20260213093925-f69d292073cb/go.mod h1:GXvM0fVllJpijVQDyHlsI+zhMMj0krJG4UXcF5MBIDw=
github.com/openoms-org/openoms/packages/poczta-polska-go-sdk v0.0.0-20260213093925-f69d292073cb h1:d6Iv4wkPWxDG0aYb5AhbjscMcLvdwFgXvp4nfqSVmmo=
github.com/openoms-org/openoms/packages/poczta-polska-go-sdk v0.0.0-20260213093925-f69d292073cb/go.mod h1:UvB/Q6M9dDpuo6NBxJrbbAUL1CyMDE5X/rb4xG2076c=
github.com/openoms-org/openoms/packages/smsapi-go-sdk v0.0.0-20260213093925-f69d292073cb h1:KMU9RVNQdKxZHqDxwmPA1YSvqo0U5jNz9M2jTNUBXKE=
github.com/openoms-org/openoms/packages/smsapi-go-sdk v0.0.0-20260213093925-f69d292073cb/go.mod h1:GxzpzaUaPFEEhOf+ioxofEUkrwlbvr+yIliw3lae0ww=
github.com/openoms-org/openoms/packages/ups-go-sdk v0.0.0-20260213093925-f69d292073cb h1:cH8FqEI4cse5zhKZleCJptsak11DB30d/mqJ3T+TSqo=
github.com/openoms-org/openoms/packages/ups-go-sdk v0.0.0-20260213093925-f69d292073cb/go.mod h1:GM0ZAom93lyIp5aUQyPVg/+hpNaNG1mPEvjvPInUKgw=
github.com/openoms-org/openoms/packages/woocommerce-go-sdk v0.0.0-20260213093925-f69d292073cb h1:KeHJQft/hSwcuRZz0yFJyhQLswjbbkE4ZUCF854OuIg=
github.com/openoms-org/openoms/packages/woocommerce-go-sdk v0.0.0-20260213093925-f69d292073cb/go.mod h1:0/fI0pOpDaBQgGFOISryHbcXKe37r0sc5Yj28c7tgCI=
github.com/pingcap/errors v0.11.4 h1:lFuQV/oaUMGcD2tqt+01ROSmJs75VG1ToEOkZIZ4nE4=
github.com/pingcap/errors v0.11.4/go.mod h1:Oi8TUi2kEtXXLMJk9l1cGmz20kV3TaQ0usTwv5KuLY8=
github.com/pkg/errors v0.9.1 h1:FEBLx1zS214owpjy7qsBeixbURkuhQAwrK5UwLGTwt4=
github.com/pkg/errors v0.9.1/go.mod h1:bwawxfHBFNV+L2hUp1rHADufV3IMtnDRdf1r5NINEl0=
github.com/pmezard/go-difflib v1.0.0 h1:4DBwDE0NGyQoBHbLQYPwSUPoCMWR5BEzIk/f1lZbAQM=
github.com/pmezard/go-difflib v1.0.0/go.mod h1:iKH77koFhYxTK1pcRnkKkqfTogsbg7gZNVY4sRDYZ/4=
github.com/pquerna/otp v1.5.0 h1:NMMR+WrmaqXU4EzdGJEE1aUUI0AMRzsp96fFFWNPwxs=
github.com/pquerna/otp v1.5.0/go.mod h1:dkJfzwRKNiegxyNb54X/3fLwhCynbMspSyWKnvi1AEg=
github.com/redis/go-redis/v9 v9.18.0 h1:pMkxYPkEbMPwRdenAzUNyFNrDgHx9U+DrBabWNfSRQs=
github.com/redis/go-redis/v9 v9.18.0/go.mod h1:k3ufPphLU5YXwNTUcCRXGxUoF1fqxnhFQmscfkCoDA0=
github.com/rogpeppe/go-internal v1.14.1 h1:UQB4HGPB6osV0SQTLymcB4TgvyWu6ZyliaW0tI/otEQ=
github.com/rogpeppe/go-internal v1.14.1/go.mod h1:MaRKkUm5W0goXpeCfT7UZI6fk/L7L7so1lCWt35ZSgc=
github.com/stretchr/objx v0.1.0/go.mod h1:HFkY916IF+rwdDfMAkV7OtwuqBVzrE8GR6GFx+wExME=
github.com/stretchr/testify v1.3.0/go.mod h1:M5WIy9Dh21IEIfnGCwXGc5bZfKNJtfHm1UVUgZn+9EI=
github.com/stretchr/testify v1.7.0/go.mod h1:6Fq8oRcR53rry900zMqJjRRixrwX3KX962/h/Wwjteg=
github.com/stretchr/testify v1.11.1 h1:7s2iGBzp5EwR7/aIZr8ao5+dra3wiQyKjjFuvgVKu7U=
github.com/stretchr/testify v1.11.1/go.mod h1:wZwfW3scLgRK+23gO65QZefKpKQRnfz6sD981Nm4B6U=
github.com/stripe/stripe-go/v82 v82.5.1 h1:05q6ZDKoe8PLMpQV072obF74HCgP4XJeJYoNuRSX2+8=
github.com/stripe/stripe-go/v82 v82.5.1/go.mod h1:majCQX6AfObAvJiHraPi/5udwHi4ojRvJnnxckvHrX8=
github.com/zeebo/xxh3 v1.0.2 h1:xZmwmqxHZA8AI603jOQ0tMqmBr9lPeFwGg6d+xy9DC0=
github.com/zeebo/xxh3 v1.0.2/go.mod h1:5NWz9Sef7zIDm2JHfFlcQvNekmcEl9ekUZQQKCYaDcA=
go.uber.org/atomic v1.11.0 h1:ZvwS0R+56ePWxUNi+Atn9dWONBPp/AUETXlHW0DxSjE=
go.uber.org/atomic v1.11.0/go.mod h1:LUxbIzbOniOlMKjJjyPfpl4v+PKK2cNJn91OQbhoJI0=
go.uber.org/goleak v1.3.0 h1:2K3zAYmnTNqV73imy9J1T3WC+gmCePx2hEGkimedGto=
go.uber.org/goleak v1.3.0/go.mod h1:CoHD4mav9JJNrW/WLlf7HGZPjdw8EucARQHekz1X6bE=
golang.org/x/crypto v0.47.0 h1:V6e3FRj+n4dbpw86FJ8Fv7XVOql7TEwpHapKoMJ/GO8=
golang.org/x/crypto v0.47.0/go.mod h1:ff3Y9VzzKbwSSEzWqJsJVBnWmRwRSHt/6Op5n9bQc4A=
golang.org/x/net v0.48.0 h1:zyQRTTrjc33Lhh0fBgT/H3oZq9WuvRR5gPC70xpDiQU=
golang.org/x/net v0.48.0/go.mod h1:+ndRgGjkh8FGtu1w1FGbEC31if4VrNVMuKTgcAAnQRY=
golang.org/x/sync v0.20.0 h1:e0PTpb7pjO8GAtTs2dQ6jYa5BWYlMuX047Dco/pItO4=
golang.org/x/sync v0.20.0/go.mod h1:9xrNwdLfx4jkKbNva9FpL6vEN7evnE43NNNJQ2LF3+0=
golang.org/x/sys v0.40.0 h1:DBZZqJ2Rkml6QMQsZywtnjnnGvHza6BTfYFWY9kjEWQ=
golang.org/x/sys v0.40.0/go.mod h1:OgkHotnGiDImocRcuBABYBEXf8A9a87e/uXjp9XT3ks=
golang.org/x/text v0.35.0 h1:JOVx6vVDFokkpaq1AEptVzLTpDe9KGpj5tR4/X+ybL8=
golang.org/x/text v0.35.0/go.mod h1:khi/HExzZJ2pGnjenulevKNX1W67CUy0AsXcNubPGCA=
gopkg.in/check.v1 v0.0.0-20161208181325-20d25e280405/go.mod h1:Co6ibVJAznAaIkqp8huTwlJQCZ016jof/cbN4VW5Yz0=
gopkg.in/check.v1 v1.0.0-20201130134442-10cb98267c6c h1:Hei/4ADfdWqJk1ZMxUNpqntNwaWcugrBjAiHlqqRiVk=
gopkg.in/check.v1 v1.0.0-20201130134442-10cb98267c6c/go.mod h1:JHkPIbrfpd72SG/EVd6muEfDQjcINNoR0C8j2r3qZ4Q=
gopkg.in/yaml.v3 v3.0.0-20200313102051-9f266ea9e77c/go.mod h1:K4uyk7z7BCEPqu6E+C64Yfv1cQ7kz7rIZviUmN+EgEM=
gopkg.in/yaml.v3 v3.0.1 h1:fxVm/GzAzEWqLHuvctI91KS9hhNmmWOoWu0XTYJS7CA=
gopkg.in/yaml.v3 v3.0.1/go.mod h1:K4uyk7z7BCEPqu6E+C64Yfv1cQ7kz7rIZviUmN+EgEM=
